// !$*UTF8*$!
{
	archiveVersion = 1;
	classes = {
	};
	objectVersion = 46;
	objects = {

/* Begin PBXBuildFile section */
		34F260C01BC5D9F500AF8949 /* CollatzDojoTests.swift in Sources */ = {isa = PBXBuildFile; fileRef = 34F260BF1BC5D9F500AF8949 /* CollatzDojoTests.swift */; };
/* End PBXBuildFile section */

/* Begin PBXFileReference section */
		34F260BC1BC5D9F500AF8949 /* CollatzDojoTests.xctest */ = {isa = PBXFileReference; explicitFileType = wrapper.cfbundle; includeInIndex = 0; path = CollatzDojoTests.xctest; sourceTree = BUILT_PRODUCTS_DIR; };
		34F260BF1BC5D9F500AF8949 /* CollatzDojoTests.swift */ = {isa = PBXFileReference; lastKnownFileType = sourcecode.swift; path = CollatzDojoTests.swift; sourceTree = "<group>"; };
		34F260C11BC5D9F500AF8949 /* Info.plist */ = {isa = PBXFileReference; lastKnownFileType = text.plist.xml; path = Info.plist; sourceTree = "<group>"; };
/* End PBXFileReference section */

/* Begin PBXFrameworksBuildPhase section */
		34F260B91BC5D9F500AF8949 /* Frameworks */ = {
			isa = PBXFrameworksBuildPhase;
			buildActionMask = 2147483647;
			files = (
			);
			runOnlyForDeploymentPostprocessing = 0;
		};
/* End PBXFrameworksBuildPhase section */

/* Begin PBXGroup section */
		34F260B01BC5D9AE00AF8949 = {
			isa = PBXGroup;
			children = (
				34F260BE1BC5D9F500AF8949 /* DojoCollatz */,
				34F260BD1BC5D9F500AF8949 /* Products */,
			);
			sourceTree = "<group>";
		};
		34F260BD1BC5D9F500AF8949 /* Products */ = {
			isa = PBXGroup;
			children = (
				34F260BC1BC5D9F500AF8949 /* CollatzDojoTests.xctest */,
			);
			name = Products;
			sourceTree = "<group>";
		};
		34F260BE1BC5D9F500AF8949 /* DojoCollatz */ = {
			isa = PBXGroup;
			children = (
				34F260BF1BC5D9F500AF8949 /* CollatzDojoTests.swift */,
				34F260C11BC5D9F500AF8949 /* Info.plist */,
			);
			name = DojoCollatz;
			path = CollatzDojoTests;
			sourceTree = "<group>";
		};
/* End PBXGroup section */

/* Begin PBXNativeTarget section */
		34F260BB1BC5D9F500AF8949 /* CollatzDojoTests */ = {
			isa = PBXNativeTarget;
			buildConfigurationList = 34F260C21BC5D9F500AF8949 /* Build configuration list for PBXNativeTarget "CollatzDojoTests" */;
			buildPhases = (
				34F260B81BC5D9F500AF8949 /* Sources */,
				34F260B91BC5D9F500AF8949 /* Frameworks */,
				34F260BA1BC5D9F500AF8949 /* Resources */,
			);
			buildRules = (
			);
			dependencies = (
			);
			name = CollatzDojoTests;
			productName = CollatzDojoTests;
			productReference = 34F260BC1BC5D9F500AF8949 /* CollatzDojoTests.xctest */;
			productType = "com.apple.product-type.bundle.unit-test";
		};
/* End PBXNativeTarget section */

/* Begin PBXProject section */
		34F260B11BC5D9AE00AF8949 /* Project object */ = {
			isa = PBXProject;
			attributes = {
				LastUpgradeCheck = 0700;
				TargetAttributes = {
					34F260BB1BC5D9F500AF8949 = {
						CreatedOnToolsVersion = 7.0.1;
					};
				};
			};
			buildConfigurationList = 34F260B41BC5D9AE00AF8949 /* Build configuration list for PBXProject "DojoCollatz" */;
			compatibilityVersion = "Xcode 3.2";
			developmentRegion = English;
			hasScannedForEncodings = 0;
			knownRegions = (
				en,
			);
			mainGroup = 34F260B01BC5D9AE00AF8949;
			productRefGroup = 34F260BD1BC5D9F500AF8949 /* Products */;
			projectDirPath = "";
			projectRoot = "";
			targets = (
				34F260BB1BC5D9F500AF8949 /* CollatzDojoTests */,
			);
		};
/* End PBXProject section */

/* Begin PBXResourcesBuildPhase section */
		34F260BA1BC5D9F500AF8949 /* Resources */ = {
			isa = PBXResourcesBuildPhase;
			buildActionMask = 2147483647;
			files = (
			);
			runOnlyForDeploymentPostprocessing = 0;
		};
/* End PBXResourcesBuildPhase section */

/* Begin PBXSourcesBuildPhase section */
		34F260B81BC5D9F500AF8949 /* Sources */ = {
			isa = PBXSourcesBuildPhase;
			buildActionMask = 2147483647;
			files = (
				34F260C01BC5D9F500AF8949 /* CollatzDojoTests.swift in Sources */,
			);
			runOnlyForDeploymentPostprocessing = 0;
		};
/* End PBXSourcesBuildPhase section */

/* Begin XCBuildConfiguration section */
		34F260B51BC5D9AE00AF8949 /* Debug */ = {
			isa = XCBuildConfiguration;
			buildSettings = {
			};
			name = Debug;
		};
		34F260B61BC5D9AE00AF8949 /* Release */ = {
			isa = XCBuildConfiguration;
			buildSettings = {
			};
			name = Release;
		};
		34F260C31BC5D9F500AF8949 /* Debug */ = {
			isa = XCBuildConfiguration;
			buildSettings = {
				ALWAYS_SEARCH_USER_PATHS = NO;
				CLANG_CXX_LANGUAGE_STANDARD = "gnu++0x";
				CLANG_CXX_LIBRARY = "libc++";
				CLANG_ENABLE_MODULES = YES;
				CLANG_ENABLE_OBJC_ARC = YES;
				CLANG_WARN_BOOL_CONVERSION = YES;
				CLANG_WARN_CONSTANT_CONVERSION = YES;
				CLANG_WARN_DIRECT_OBJC_ISA_USAGE = YES_ERROR;
				CLANG_WARN_EMPTY_BODY = YES;
				CLANG_WARN_ENUM_CONVERSION = YES;
				CLANG_WARN_INT_CONVERSION = YES;
				CLANG_WARN_OBJC_ROOT_CLASS = YES_ERROR;
				CLANG_WARN_UNREACHABLE_CODE = YES;
				CLANG_WARN__DUPLICATE_METHOD_MATCH = YES;
				COPY_PHASE_STRIP = NO;
				DEBUG_INFORMATION_FORMAT = dwarf;
				ENABLE_STRICT_OBJC_MSGSEND = YES;
				ENABLE_TESTABILITY = YES;
				GCC_C_LANGUAGE_STANDARD = gnu99;
				GCC_DYNAMIC_NO_PIC = NO;
				GCC_NO_COMMON_BLOCKS = YES;
				GCC_OPTIMIZATION_LEVEL = 0;
				GCC_PREPROCESSOR_DEFINITIONS = (
					"DEBUG=1",
					"$(inherited)",
				);
				GCC_WARN_64_TO_32_BIT_CONVERSION = YES;
				GCC_WARN_ABOUT_RETURN_TYPE = YES_ERROR;
				GCC_WARN_UNDECLARED_SELECTOR = YES;
				GCC_WARN_UNINITIALIZED_AUTOS = YES_AGGRESSIVE;
				GCC_WARN_UNUSED_FUNCTION = YES;
				GCC_WARN_UNUSED_VARIABLE = YES;
				INFOPLIST_FILE = CollatzDojoTests/Info.plist;
				IPHONEOS_DEPLOYMENT_TARGET = 9.0;
				LD_RUNPATH_SEARCH_PATHS = "$(inherited) @executable_path/Frameworks @loader_path/Frameworks";
				MTL_ENABLE_DEBUG_INFO = YES;
				ONLY_ACTIVE_ARCH = YES;
				PRODUCT_BUNDLE_IDENTIFIER = io.github.ronanrodrigo.CollatzDojoTests;
				PRODUCT_NAME = "$(TARGET_NAME)";
				SDKROOT = iphoneos;
				SWIFT_OPTIMIZATION_LEVEL = "-Onone";
			};
			name = Debug;
		};
		34F260C41BC5D9F500AF8949 /* Release */ = {
			isa = XCBuildConfiguration;
			buildSettings = {
				ALWAYS_SEARCH_USER_PATHS = NO;
				CLANG_CXX_LANGUAGE_STANDARD = "gnu++0x";
				CLANG_CXX_LIBRARY = "libc++";
				CLANG_ENABLE_MODULES = YES;
				CLANG_ENABLE_OBJC_ARC = YES;
				CLANG_WARN_BOOL_CONVERSION = YES;
				CLANG_WARN_CONSTANT_CONVERSION = YES;
				CLANG_WARN_DIRECT_OBJC_ISA_USAGE = YES_ERROR;
				CLANG_WARN_EMPTY_BODY = YES;
				CLANG_WARN_ENUM_CONVERSION = YES;
				CLANG_WARN_INT_CONVERSION = YES;
				CLANG_WARN_OBJC_ROOT_CLASS = YES_ERROR;
				CLANG_WARN_UNREACHABLE_CODE = YES;
				CLANG_WARN__DUPLICATE_METHOD_MATCH = YES;
				COPY_PHASE_STRIP = NO;
				DEBUG_INFORMATION_FORMAT = "dwarf-with-dsym";
				ENABLE_NS_ASSERTIONS = NO;
				ENABLE_STRICT_OBJC_MSGSEND = YES;
				GCC_C_LANGUAGE_STANDARD = gnu99;
				GCC_NO_COMMON_BLOCKS = YES;
				GCC_WARN_64_TO_32_BIT_CONVERSION = YES;
				GCC_WARN_ABOUT_RETURN_TYPE = YES_ERROR;
				GCC_WARN_UNDECLARED_SELECTOR = YES;
				GCC_WARN_UNINITIALIZED_AUTOS = YES_AGGRESSIVE;
				GCC_WARN_UNUSED_FUNCTION = YES;
				GCC_WARN_UNUSED_VARIABLE = YES;
				INFOPLIST_FILE = CollatzDojoTests/Info.plist;
				IPHONEOS_DEPLOYMENT_TARGET = 9.0;
				LD_RUNPATH_SEARCH_PATHS = "$(inherited) @executable_path/Frameworks @loader_path/Frameworks";
				MTL_ENABLE_DEBUG_INFO = NO;
				PRODUCT_BUNDLE_IDENTIFIER = io.github.ronanrodrigo.CollatzDojoTests;
				PRODUCT_NAME = "$(TARGET_NAME)";
				SDKROOT = iphoneos;
				VALIDATE_PRODUCT = YES;
			};
			name = Release;
		};
/* End XCBuildConfiguration section */

/* Begin XCConfigurationList section */
		34F260B41BC5D9AE00AF8949 /* Build configuration list for PBXProject "DojoCollatz" */ = {
			isa = XCConfigurationList;
			buildConfigurations = (
				34F260B51BC5D9AE00AF8949 /* Debug */,
				34F260B61BC5D9AE00AF8949 /* Release */,
			);
			defaultConfigurationIsVisible = 0;
			defaultConfigurationName = Release;
		};
		34F260C21BC5D9F500AF8949 /* Build configuration list for PBXNativeTarget "CollatzDojoTests" */ = {
			isa = XCConfigurationList;
			buildConfigurations = (
				34F260C31BC5D9F500AF8949 /* Debug */,
				34F260C41BC5D9F500AF8949 /* Release */,
			);
			defaultConfigurationIsVisible = 0;
			defaultConfigurationName = Release;
		};
/* End XCConfigurationList section */
	};
	rootObject = 34F260B11BC5D9AE00AF8949 /* Project object */;
}
